
Microsoft Visual Studio Solution File, Format Version 12.00
# Visual Studio Version 17
VisualStudioVersion = 17.0.32112.339
MinimumVisualStudioVersion = 10.0.40219.1
Project("{FAE04EC0-301F-11D3-BF4B-00C04F79EFBC}") = "canadianComputingCompetition", "canadianComputingCompetition.csproj", "{4E1F4849-2EA1-4A2E-B724-A74EFE924297}"
EndProject
Global
	GlobalSection(SolutionConfigurationPlatforms) = preSolution
		Debug|Any CPU = Debug|Any CPU
		Release|Any CPU = Release|Any CPU
	EndGlobalSection
	GlobalSection(ProjectConfigurationPlatforms) = postSolution
		{4E1F4849-2EA1-4A2E-B724-A74EFE924297}.Debug|Any CPU.ActiveCfg = Debug|Any CPU
		{4E1F4849-2EA1-4A2E-B724-A74EFE924297}.Debug|Any CPU.Build.0 = Debug|Any CPU
		{4E1F4849-2EA1-4A2E-B724-A74EFE924297}.Release|Any CPU.ActiveCfg = Release|Any CPU
		{4E1F4849-2EA1-4A2E-B724-A74EFE924297}.Release|Any CPU.Build.0 = Release|Any CPU
	EndGlobalSection
	GlobalSection(SolutionProperties) = preSolution
		HideSolutionNode = FALSE
	EndGlobalSection
	GlobalSection(ExtensibilityGlobals) = postSolution
		SolutionGuid = {9A502AF5-186C-4579-8A64-4D40C03DB9D6}
	EndGlobalSection
EndGlobal
